
Microsoft Visual Studio Solution File, Format Version 12.00
# Visual Studio Version 17
VisualStudioVersion = 17.3.32929.385
MinimumVisualStudioVersion = 10.0.40219.1
Project("{2150E333-8FDC-42A3-9474-1A3956D46DE8}") = "Solution Items", "Solution Items", "{54DD046E-BD62-4B44-93F4-7032A7C2908D}"
	ProjectSection(SolutionItems) = preProject
		robots.txt = robots.txt
	EndProjectSection
EndProject
Project("{2150E333-8FDC-42A3-9474-1A3956D46DE8}") = "Core", "Core", "{D7258D41-0A1D-4E09-A995-F952BFF3968D}"
EndProject
Project("{2150E333-8FDC-42A3-9474-1A3956D46DE8}") = "Infrastructure", "Infrastructure", "{A87A4F60-79FF-47C2-A0F3-20C6A47B121D}"
EndProject
Project("{FAE04EC0-301F-11D3-BF4B-00C04F79EFBC}") = "NlayeredApp.Domain", "Core\NlayeredApp.Domain\NlayeredApp.Domain.csproj", "{35BC103A-67E7-4754-9332-26676290E9E3}"
EndProject
Project("{FAE04EC0-301F-11D3-BF4B-00C04F79EFBC}") = "NlayeredApp.Application", "Core\NlayeredApp.Application\NlayeredApp.Application.csproj", "{0C58EC4F-17D1-40AC-8EBE-83BED95B252F}"
EndProject
Project("{FAE04EC0-301F-11D3-BF4B-00C04F79EFBC}") = "NlayeredApp.Infrastructure", "Infrastructure\NlayeredApp.Infrastructure\NlayeredApp.Infrastructure.csproj", "{83F31351-3A49-4F1C-816A-DBEBA1EEECF5}"
EndProject
Project("{FAE04EC0-301F-11D3-BF4B-00C04F79EFBC}") = "NlayeredApp.Persistence", "Infrastructure\NlayeredApp.Persistence\NlayeredApp.Persistence.csproj", "{0503A7CC-A0CB-44BF-8EE4-7B34DD0D63FE}"
EndProject
Project("{2150E333-8FDC-42A3-9474-1A3956D46DE8}") = "Presentation", "Presentation", "{AE81F394-1204-403B-BDBD-CA7079E5AC6E}"
EndProject
Project("{FAE04EC0-301F-11D3-BF4B-00C04F79EFBC}") = "NlayeredApp.API", "Presentation\NlayeredApp.API\NlayeredApp.API.csproj", "{F7C630A3-7740-4975-8FD4-DC4B43A7681E}"
EndProject
Global
	GlobalSection(SolutionConfigurationPlatforms) = preSolution
		Debug|Any CPU = Debug|Any CPU
		Release|Any CPU = Release|Any CPU
	EndGlobalSection
	GlobalSection(ProjectConfigurationPlatforms) = postSolution
		{35BC103A-67E7-4754-9332-26676290E9E3}.Debug|Any CPU.ActiveCfg = Debug|Any CPU
		{35BC103A-67E7-4754-9332-26676290E9E3}.Debug|Any CPU.Build.0 = Debug|Any CPU
		{35BC103A-67E7-4754-9332-26676290E9E3}.Release|Any CPU.ActiveCfg = Release|Any CPU
		{35BC103A-67E7-4754-9332-26676290E9E3}.Release|Any CPU.Build.0 = Release|Any CPU
		{0C58EC4F-17D1-40AC-8EBE-83BED95B252F}.Debug|Any CPU.ActiveCfg = Debug|Any CPU
		{0C58EC4F-17D1-40AC-8EBE-83BED95B252F}.Debug|Any CPU.Build.0 = Debug|Any CPU
		{0C58EC4F-17D1-40AC-8EBE-83BED95B252F}.Release|Any CPU.ActiveCfg = Release|Any CPU
		{0C58EC4F-17D1-40AC-8EBE-83BED95B252F}.Release|Any CPU.Build.0 = Release|Any CPU
		{83F31351-3A49-4F1C-816A-DBEBA1EEECF5}.Debug|Any CPU.ActiveCfg = Debug|Any CPU
		{83F31351-3A49-4F1C-816A-DBEBA1EEECF5}.Debug|Any CPU.Build.0 = Debug|Any CPU
		{83F31351-3A49-4F1C-816A-DBEBA1EEECF5}.Release|Any CPU.ActiveCfg = Release|Any CPU
		{83F31351-3A49-4F1C-816A-DBEBA1EEECF5}.Release|Any CPU.Build.0 = Release|Any CPU
		{0503A7CC-A0CB-44BF-8EE4-7B34DD0D63FE}.Debug|Any CPU.ActiveCfg = Debug|Any CPU
		{0503A7CC-A0CB-44BF-8EE4-7B34DD0D63FE}.Debug|Any CPU.Build.0 = Debug|Any CPU
		{0503A7CC-A0CB-44BF-8EE4-7B34DD0D63FE}.Release|Any CPU.ActiveCfg = Release|Any CPU
		{0503A7CC-A0CB-44BF-8EE4-7B34DD0D63FE}.Release|Any CPU.Build.0 = Release|Any CPU
		{F7C630A3-7740-4975-8FD4-DC4B43A7681E}.Debug|Any CPU.ActiveCfg = Debug|Any CPU
		{F7C630A3-7740-4975-8FD4-DC4B43A7681E}.Debug|Any CPU.Build.0 = Debug|Any CPU
		{F7C630A3-7740-4975-8FD4-DC4B43A7681E}.Release|Any CPU.ActiveCfg = Release|Any CPU
		{F7C630A3-7740-4975-8FD4-DC4B43A7681E}.Release|Any CPU.Build.0 = Release|Any CPU
	EndGlobalSection
	GlobalSection(SolutionProperties) = preSolution
		HideSolutionNode = FALSE
	EndGlobalSection
	GlobalSection(NestedProjects) = preSolution
		{35BC103A-67E7-4754-9332-26676290E9E3} = {D7258D41-0A1D-4E09-A995-F952BFF3968D}
		{0C58EC4F-17D1-40AC-8EBE-83BED95B252F} = {D7258D41-0A1D-4E09-A995-F952BFF3968D}
		{83F31351-3A49-4F1C-816A-DBEBA1EEECF5} = {A87A4F60-79FF-47C2-A0F3-20C6A47B121D}
		{0503A7CC-A0CB-44BF-8EE4-7B34DD0D63FE} = {A87A4F60-79FF-47C2-A0F3-20C6A47B121D}
		{F7C630A3-7740-4975-8FD4-DC4B43A7681E} = {AE81F394-1204-403B-BDBD-CA7079E5AC6E}
	EndGlobalSection
	GlobalSection(ExtensibilityGlobals) = postSolution
		SolutionGuid = {0B691928-EC36-4197-A175-00B282F19ADE}
	EndGlobalSection
EndGlobal
